Microsoft Visual Studio Solution File, Format Version 11.00
# Visual Studio 2008

Project("{54F3C912-4086-BF6B-DC32-5EA4766AC818}") = "SideScroller Shooter", "Assembly-CSharp.csproj", "{D27C8580-93F8-86C9-A949-11C587CCF4A0}"
EndProject
Global
	GlobalSection(SolutionConfigurationPlatforms) = preSolution
		Debug|Any CPU = Debug|Any CPU
		Release|Any CPU = Release|Any CPU
	EndGlobalSection
	GlobalSection(ProjectConfigurationPlatforms) = postSolution
		{D27C8580-93F8-86C9-A949-11C587CCF4A0}.Debug|Any CPU.ActiveCfg = Debug|Any CPU
		{D27C8580-93F8-86C9-A949-11C587CCF4A0}.Debug|Any CPU.Build.0 = Debug|Any CPU
		{D27C8580-93F8-86C9-A949-11C587CCF4A0}.Release|Any CPU.ActiveCfg = Release|Any CPU
		{D27C8580-93F8-86C9-A949-11C587CCF4A0}.Release|Any CPU.Build.0 = Release|Any CPU
	EndGlobalSection
	GlobalSection(SolutionProperties) = preSolution
		HideSolutionNode = FALSE
	EndGlobalSection
	GlobalSection(MonoDevelopProperties) = preSolution
		StartupItem = Assembly-CSharp.csproj
	EndGlobalSection
EndGlobal
